
Microsoft Visual Studio Solution File, Format Version 12.00
# Visual Studio Version 17
VisualStudioVersion = 17.14.36518.9 d17.14
MinimumVisualStudioVersion = 10.0.40219.1
Project("{FAE04EC0-301F-11D3-BF4B-00C04F79EFBC}") = "KASHOP.PL", "KASHOP.PL\KASHOP.PL.csproj", "{2BE985C2-0C99-4618-A5C9-AD010ABFF491}"
EndProject
Project("{FAE04EC0-301F-11D3-BF4B-00C04F79EFBC}") = "KASHOP.BLL", "KASHOP.BLL\KASHOP.BLL.csproj", "{7422BB7F-7DDE-46ED-A7C1-68A29EA83EC3}"
EndProject
Project("{FAE04EC0-301F-11D3-BF4B-00C04F79EFBC}") = "KASHOP.DAL", "KASHOP.DAL\KASHOP.DAL.csproj", "{6B177311-AD1A-4750-BAE2-CA76D8F07DE2}"
EndProject
Global
	GlobalSection(SolutionConfigurationPlatforms) = preSolution
		Debug|Any CPU = Debug|Any CPU
		Release|Any CPU = Release|Any CPU
	EndGlobalSection
	GlobalSection(ProjectConfigurationPlatforms) = postSolution
		{2BE985C2-0C99-4618-A5C9-AD010ABFF491}.Debug|Any CPU.ActiveCfg = Debug|Any CPU
		{2BE985C2-0C99-4618-A5C9-AD010ABFF491}.Debug|Any CPU.Build.0 = Debug|Any CPU
		{2BE985C2-0C99-4618-A5C9-AD010ABFF491}.Release|Any CPU.ActiveCfg = Release|Any CPU
		{2BE985C2-0C99-4618-A5C9-AD010ABFF491}.Release|Any CPU.Build.0 = Release|Any CPU
		{7422BB7F-7DDE-46ED-A7C1-68A29EA83EC3}.Debug|Any CPU.ActiveCfg = Debug|Any CPU
		{7422BB7F-7DDE-46ED-A7C1-68A29EA83EC3}.Debug|Any CPU.Build.0 = Debug|Any CPU
		{7422BB7F-7DDE-46ED-A7C1-68A29EA83EC3}.Release|Any CPU.ActiveCfg = Release|Any CPU
		{7422BB7F-7DDE-46ED-A7C1-68A29EA83EC3}.Release|Any CPU.Build.0 = Release|Any CPU
		{6B177311-AD1A-4750-BAE2-CA76D8F07DE2}.Debug|Any CPU.ActiveCfg = Debug|Any CPU
		{6B177311-AD1A-4750-BAE2-CA76D8F07DE2}.Debug|Any CPU.Build.0 = Debug|Any CPU
		{6B177311-AD1A-4750-BAE2-CA76D8F07DE2}.Release|Any CPU.ActiveCfg = Release|Any CPU
		{6B177311-AD1A-4750-BAE2-CA76D8F07DE2}.Release|Any CPU.Build.0 = Release|Any CPU
	EndGlobalSection
	GlobalSection(SolutionProperties) = preSolution
		HideSolutionNode = FALSE
	EndGlobalSection
	GlobalSection(ExtensibilityGlobals) = postSolution
		SolutionGuid = {8D6C47FA-A57D-41E1-A9C8-7A3A7C02F5B0}
	EndGlobalSection
EndGlobal
